{
  "name": "voluntr",
  "version": "0.0.1",
  "lockfileVersion": 1,
  "requires": true,
  "dependencies": {
    "intro.js": {
      "version": "2.8.0-alpha.1",
      "resolved": "https://registry.npmjs.org/intro.js/-/intro.js-2.8.0-alpha.1.tgz",
      "integrity": "sha1-CDh4OviPbVIlT4bBGOYKXUo58f4="
    }
  }
}
